
Microsoft Visual Studio Solution File, Format Version 12.00
# Visual Studio Version 17
VisualStudioVersion = 17.14.36811.4 d17.14
MinimumVisualStudioVersion = 10.0.40219.1
Project("{FAE04EC0-301F-11D3-BF4B-00C04F79EFBC}") = "LinHPMonitor", "LinHPMonitor.csproj", "{B746C170-A550-A0EF-F68D-7171D8CDEA50}"
EndProject
Global
	GlobalSection(SolutionConfigurationPlatforms) = preSolution
		Debug|Any CPU = Debug|Any CPU
		Release|Any CPU = Release|Any CPU
	EndGlobalSection
	GlobalSection(ProjectConfigurationPlatforms) = postSolution
		{B746C170-A550-A0EF-F68D-7171D8CDEA50}.Debug|Any CPU.ActiveCfg = Debug|Any CPU
		{B746C170-A550-A0EF-F68D-7171D8CDEA50}.Debug|Any CPU.Build.0 = Debug|Any CPU
		{B746C170-A550-A0EF-F68D-7171D8CDEA50}.Release|Any CPU.ActiveCfg = Release|Any CPU
		{B746C170-A550-A0EF-F68D-7171D8CDEA50}.Release|Any CPU.Build.0 = Release|Any CPU
	EndGlobalSection
	GlobalSection(SolutionProperties) = preSolution
		HideSolutionNode = FALSE
	EndGlobalSection
	GlobalSection(ExtensibilityGlobals) = postSolution
		SolutionGuid = {6029B788-6BAF-4AA8-ACF1-78E059847DDA}
	EndGlobalSection
EndGlobal
